
Microsoft Visual Studio Solution File, Format Version 12.00
# Visual Studio Version 16
VisualStudioVersion = 16.0.29911.84
MinimumVisualStudioVersion = 10.0.40219.1
Project("{9A19103F-16F7-4668-BE54-9A1E7A4F7556}") = "MessagingServer", "MessagingSample\MessagingServer.csproj", "{C11596AD-47BC-470E-BC2F-3EE9AAF8CA9E}"
EndProject
Project("{9A19103F-16F7-4668-BE54-9A1E7A4F7556}") = "MessagingClient", "MessagingClient\MessagingClient.csproj", "{77EE53C5-587C-4B96-B8B7-1875140F745E}"
EndProject
Project("{2150E333-8FDC-42A3-9474-1A3956D46DE8}") = "Solution Items", "Solution Items", "{D3E26407-24BA-4D2D-8236-7CD148D79513}"
	ProjectSection(SolutionItems) = preProject
		.gitignore = .gitignore
	EndProjectSection
EndProject
Global
	GlobalSection(SolutionConfigurationPlatforms) = preSolution
		Debug|Any CPU = Debug|Any CPU
		Release|Any CPU = Release|Any CPU
	EndGlobalSection
	GlobalSection(ProjectConfigurationPlatforms) = postSolution
		{C11596AD-47BC-470E-BC2F-3EE9AAF8CA9E}.Debug|Any CPU.ActiveCfg = Debug|Any CPU
		{C11596AD-47BC-470E-BC2F-3EE9AAF8CA9E}.Debug|Any CPU.Build.0 = Debug|Any CPU
		{C11596AD-47BC-470E-BC2F-3EE9AAF8CA9E}.Release|Any CPU.ActiveCfg = Release|Any CPU
		{C11596AD-47BC-470E-BC2F-3EE9AAF8CA9E}.Release|Any CPU.Build.0 = Release|Any CPU
		{77EE53C5-587C-4B96-B8B7-1875140F745E}.Debug|Any CPU.ActiveCfg = Debug|Any CPU
		{77EE53C5-587C-4B96-B8B7-1875140F745E}.Debug|Any CPU.Build.0 = Debug|Any CPU
		{77EE53C5-587C-4B96-B8B7-1875140F745E}.Release|Any CPU.ActiveCfg = Release|Any CPU
		{77EE53C5-587C-4B96-B8B7-1875140F745E}.Release|Any CPU.Build.0 = Release|Any CPU
	EndGlobalSection
	GlobalSection(SolutionProperties) = preSolution
		HideSolutionNode = FALSE
	EndGlobalSection
	GlobalSection(ExtensibilityGlobals) = postSolution
		SolutionGuid = {C4CCD187-DB08-4EFD-B070-8B3493ED58A3}
	EndGlobalSection
EndGlobal
